// !$*UTF8*$!
{
	archiveVersion = 1;
	classes = {
	};
	objectVersion = 50;
	objects = {

/* Begin PBXBuildFile section */
		5743BFC62358B90700D3C10F /* AppDelegate.swift in Sources */ = {isa = PBXBuildFile; fileRef = 5743BFC52358B90700D3C10F /* AppDelegate.swift */; };
		5743BFC82358B90700D3C10F /* ViewController.swift in Sources */ = {isa = PBXBuildFile; fileRef = 5743BFC72358B90700D3C10F /* ViewController.swift */; };
		5743BFCB2358B90700D3C10F /* Main.storyboard in Resources */ = {isa = PBXBuildFile; fileRef = 5743BFC92358B90700D3C10F /* Main.storyboard */; };
		5743BFCD2358B90800D3C10F /* Assets.xcassets in Resources */ = {isa = PBXBuildFile; fileRef = 5743BFCC2358B90800D3C10F /* Assets.xcassets */; };
		5743BFD02358B90800D3C10F /* LaunchScreen.storyboard in Resources */ = {isa = PBXBuildFile; fileRef = 5743BFCE2358B90800D3C10F /* LaunchScreen.storyboard */; };
		84C36887235E101400E78A94 /* ProteinsListViewController.swift in Sources */ = {isa = PBXBuildFile; fileRef = 84C36886235E101400E78A94 /* ProteinsListViewController.swift */; };
/* End PBXBuildFile section */

/* Begin PBXFileReference section */
		5743BFC22358B90700D3C10F /* SwiftyProteins.app */ = {isa = PBXFileReference; explicitFileType = wrapper.application; includeInIndex = 0; path = SwiftyProteins.app; sourceTree = BUILT_PRODUCTS_DIR; };
		5743BFC52358B90700D3C10F /* AppDelegate.swift */ = {isa = PBXFileReference; lastKnownFileType = sourcecode.swift; path = AppDelegate.swift; sourceTree = "<group>"; };
		5743BFC72358B90700D3C10F /* ViewController.swift */ = {isa = PBXFileReference; lastKnownFileType = sourcecode.swift; path = ViewController.swift; sourceTree = "<group>"; };
		5743BFCA2358B90700D3C10F /* Base */ = {isa = PBXFileReference; lastKnownFileType = file.storyboard; name = Base; path = Base.lproj/Main.storyboard; sourceTree = "<group>"; };
		5743BFCC2358B90800D3C10F /* Assets.xcassets */ = {isa = PBXFileReference; lastKnownFileType = folder.assetcatalog; path = Assets.xcassets; sourceTree = "<group>"; };
		5743BFCF2358B90800D3C10F /* Base */ = {isa = PBXFileReference; lastKnownFileType = file.storyboard; name = Base; path = Base.lproj/LaunchScreen.storyboard; sourceTree = "<group>"; };
		5743BFD12358B90800D3C10F /* Info.plist */ = {isa = PBXFileReference; lastKnownFileType = text.plist.xml; path = Info.plist; sourceTree = "<group>"; };
		84C36886235E101400E78A94 /* ProteinsListViewController.swift */ = {isa = PBXFileReference; lastKnownFileType = sourcecode.swift; path = ProteinsListViewController.swift; sourceTree = "<group>"; };
/* End PBXFileReference section */

/* Begin PBXFrameworksBuildPhase section */
		5743BFBF2358B90700D3C10F /* Frameworks */ = {
			isa = PBXFrameworksBuildPhase;
			buildActionMask = 2147483647;
			files = (
			);
			runOnlyForDeploymentPostprocessing = 0;
		};
/* End PBXFrameworksBuildPhase section */

/* Begin PBXGroup section */
		5743BFB92358B90700D3C10F = {
			isa = PBXGroup;
			children = (
				5743BFC42358B90700D3C10F /* SwiftyProteins */,
				5743BFC32358B90700D3C10F /* Products */,
			);
			sourceTree = "<group>";
		};
		5743BFC32358B90700D3C10F /* Products */ = {
			isa = PBXGroup;
			children = (
				5743BFC22358B90700D3C10F /* SwiftyProteins.app */,
			);
			name = Products;
			sourceTree = "<group>";
		};
		5743BFC42358B90700D3C10F /* SwiftyProteins */ = {
			isa = PBXGroup;
			children = (
				84C36888235E102000E78A94 /* Controller */,
				5743BFC52358B90700D3C10F /* AppDelegate.swift */,
				5743BFC92358B90700D3C10F /* Main.storyboard */,
				5743BFCC2358B90800D3C10F /* Assets.xcassets */,
				5743BFCE2358B90800D3C10F /* LaunchScreen.storyboard */,
				5743BFD12358B90800D3C10F /* Info.plist */,
			);
			path = SwiftyProteins;
			sourceTree = "<group>";
		};
		84C36888235E102000E78A94 /* Controller */ = {
			isa = PBXGroup;
			children = (
				5743BFC72358B90700D3C10F /* ViewController.swift */,
				84C36886235E101400E78A94 /* ProteinsListViewController.swift */,
			);
			path = Controller;
			sourceTree = "<group>";
		};
/* End PBXGroup section */

/* Begin PBXNativeTarget section */
		5743BFC12358B90700D3C10F /* SwiftyProteins */ = {
			isa = PBXNativeTarget;
			buildConfigurationList = 5743BFD42358B90800D3C10F /* Build configuration list for PBXNativeTarget "SwiftyProteins" */;
			buildPhases = (
				5743BFBE2358B90700D3C10F /* Sources */,
				5743BFBF2358B90700D3C10F /* Frameworks */,
				5743BFC02358B90700D3C10F /* Resources */,
			);
			buildRules = (
			);
			dependencies = (
			);
			name = SwiftyProteins;
			productName = SwiftyProteins;
			productReference = 5743BFC22358B90700D3C10F /* SwiftyProteins.app */;
			productType = "com.apple.product-type.application";
		};
/* End PBXNativeTarget section */

/* Begin PBXProject section */
		5743BFBA2358B90700D3C10F /* Project object */ = {
			isa = PBXProject;
			attributes = {
				LastSwiftUpdateCheck = 1030;
				LastUpgradeCheck = 1030;
				ORGANIZATIONNAME = "Jonathan LE QUERE";
				TargetAttributes = {
					5743BFC12358B90700D3C10F = {
						CreatedOnToolsVersion = 10.3;
					};
				};
			};
			buildConfigurationList = 5743BFBD2358B90700D3C10F /* Build configuration list for PBXProject "SwiftyProteins" */;
			compatibilityVersion = "Xcode 9.3";
			developmentRegion = en;
			hasScannedForEncodings = 0;
			knownRegions = (
				en,
				Base,
			);
			mainGroup = 5743BFB92358B90700D3C10F;
			productRefGroup = 5743BFC32358B90700D3C10F /* Products */;
			projectDirPath = "";
			projectRoot = "";
			targets = (
				5743BFC12358B90700D3C10F /* SwiftyProteins */,
			);
		};
/* End PBXProject section */

/* Begin PBXResourcesBuildPhase section */
		5743BFC02358B90700D3C10F /* Resources */ = {
			isa = PBXResourcesBuildPhase;
			buildActionMask = 2147483647;
			files = (
				5743BFD02358B90800D3C10F /* LaunchScreen.storyboard in Resources */,
				5743BFCD2358B90800D3C10F /* Assets.xcassets in Resources */,
				5743BFCB2358B90700D3C10F /* Main.storyboard in Resources */,
			);
			runOnlyForDeploymentPostprocessing = 0;
		};
/* End PBXResourcesBuildPhase section */

/* Begin PBXSourcesBuildPhase section */
		5743BFBE2358B90700D3C10F /* Sources */ = {
			isa = PBXSourcesBuildPhase;
			buildActionMask = 2147483647;
			files = (
				5743BFC82358B90700D3C10F /* ViewController.swift in Sources */,
				84C36887235E101400E78A94 /* ProteinsListViewController.swift in Sources */,
				5743BFC62358B90700D3C10F /* AppDelegate.swift in Sources */,
			);
			runOnlyForDeploymentPostprocessing = 0;
		};
/* End PBXSourcesBuildPhase section */

/* Begin PBXVariantGroup section */
		5743BFC92358B90700D3C10F /* Main.storyboard */ = {
			isa = PBXVariantGroup;
			children = (
				5743BFCA2358B90700D3C10F /* Base */,
			);
			name = Main.storyboard;
			sourceTree = "<group>";
		};
		5743BFCE2358B90800D3C10F /* LaunchScreen.storyboard */ = {
			isa = PBXVariantGroup;
			children = (
				5743BFCF2358B90800D3C10F /* Base */,
			);
			name = LaunchScreen.storyboard;
			sourceTree = "<group>";
		};
/* End PBXVariantGroup section */

/* Begin XCBuildConfiguration section */
		5743BFD22358B90800D3C10F /* Debug */ = {
			isa = XCBuildConfiguration;
			buildSettings = {
				ALWAYS_SEARCH_USER_PATHS = NO;
				CLANG_ANALYZER_NONNULL = YES;
				CLANG_ANALYZER_NUMBER_OBJECT_CONVERSION = YES_AGGRESSIVE;
				CLANG_CXX_LANGUAGE_STANDARD = "gnu++14";
				CLANG_CXX_LIBRARY = "libc++";
				CLANG_ENABLE_MODULES = YES;
				CLANG_ENABLE_OBJC_ARC = YES;
				CLANG_ENABLE_OBJC_WEAK = YES;
				CLANG_WARN_BLOCK_CAPTURE_AUTORELEASING = YES;
				CLANG_WARN_BOOL_CONVERSION = YES;
				CLANG_WARN_COMMA = YES;
				CLANG_WARN_CONSTANT_CONVERSION = YES;
				CLANG_WARN_DEPRECATED_OBJC_IMPLEMENTATIONS = YES;
				CLANG_WARN_DIRECT_OBJC_ISA_USAGE = YES_ERROR;
				CLANG_WARN_DOCUMENTATION_COMMENTS = YES;
				CLANG_WARN_EMPTY_BODY = YES;
				CLANG_WARN_ENUM_CONVERSION = YES;
				CLANG_WARN_INFINITE_RECURSION = YES;
				CLANG_WARN_INT_CONVERSION = YES;
				CLANG_WARN_NON_LITERAL_NULL_CONVERSION = YES;
				CLANG_WARN_OBJC_IMPLICIT_RETAIN_SELF = YES;
				CLANG_WARN_OBJC_LITERAL_CONVERSION = YES;
				CLANG_WARN_OBJC_ROOT_CLASS = YES_ERROR;
				CLANG_WARN_RANGE_LOOP_ANALYSIS = YES;
				CLANG_WARN_STRICT_PROTOTYPES = YES;
				CLANG_WARN_SUSPICIOUS_MOVE = YES;
				CLANG_WARN_UNGUARDED_AVAILABILITY = YES_AGGRESSIVE;
				CLANG_WARN_UNREACHABLE_CODE = YES;
				CLANG_WARN__DUPLICATE_METHOD_MATCH = YES;
				CODE_SIGN_IDENTITY = "iPhone Developer";
				COPY_PHASE_STRIP = NO;
				DEBUG_INFORMATION_FORMAT = dwarf;
				ENABLE_STRICT_OBJC_MSGSEND = YES;
				ENABLE_TESTABILITY = YES;
				GCC_C_LANGUAGE_STANDARD = gnu11;
				GCC_DYNAMIC_NO_PIC = NO;
				GCC_NO_COMMON_BLOCKS = YES;
				GCC_OPTIMIZATION_LEVEL = 0;
				GCC_PREPROCESSOR_DEFINITIONS = (
					"DEBUG=1",
					"$(inherited)",
				);
				GCC_WARN_64_TO_32_BIT_CONVERSION = YES;
				GCC_WARN_ABOUT_RETURN_TYPE = YES_ERROR;
				GCC_WARN_UNDECLARED_SELECTOR = YES;
				GCC_WARN_UNINITIALIZED_AUTOS = YES_AGGRESSIVE;
				GCC_WARN_UNUSED_FUNCTION = YES;
				GCC_WARN_UNUSED_VARIABLE = YES;
				IPHONEOS_DEPLOYMENT_TARGET = 12.4;
				MTL_ENABLE_DEBUG_INFO = INCLUDE_SOURCE;
				MTL_FAST_MATH = YES;
				ONLY_ACTIVE_ARCH = YES;
				SDKROOT = iphoneos;
				SWIFT_ACTIVE_COMPILATION_CONDITIONS = DEBUG;
				SWIFT_OPTIMIZATION_LEVEL = "-Onone";
			};
			name = Debug;
		};
		5743BFD32358B90800D3C10F /* Release */ = {
			isa = XCBuildConfiguration;
			buildSettings = {
				ALWAYS_SEARCH_USER_PATHS = NO;
				CLANG_ANALYZER_NONNULL = YES;
				CLANG_ANALYZER_NUMBER_OBJECT_CONVERSION = YES_AGGRESSIVE;
				CLANG_CXX_LANGUAGE_STANDARD = "gnu++14";
				CLANG_CXX_LIBRARY = "libc++";
				CLANG_ENABLE_MODULES = YES;
				CLANG_ENABLE_OBJC_ARC = YES;
				CLANG_ENABLE_OBJC_WEAK = YES;
				CLANG_WARN_BLOCK_CAPTURE_AUTORELEASING = YES;
				CLANG_WARN_BOOL_CONVERSION = YES;
				CLANG_WARN_COMMA = YES;
				CLANG_WARN_CONSTANT_CONVERSION = YES;
				CLANG_WARN_DEPRECATED_OBJC_IMPLEMENTATIONS = YES;
				CLANG_WARN_DIRECT_OBJC_ISA_USAGE = YES_ERROR;
				CLANG_WARN_DOCUMENTATION_COMMENTS = YES;
				CLANG_WARN_EMPTY_BODY = YES;
				CLANG_WARN_ENUM_CONVERSION = YES;
				CLANG_WARN_INFINITE_RECURSION = YES;
				CLANG_WARN_INT_CONVERSION = YES;
				CLANG_WARN_NON_LITERAL_NULL_CONVERSION = YES;
				CLANG_WARN_OBJC_IMPLICIT_RETAIN_SELF = YES;
				CLANG_WARN_OBJC_LITERAL_CONVERSION = YES;
				CLANG_WARN_OBJC_ROOT_CLASS = YES_ERROR;
				CLANG_WARN_RANGE_LOOP_ANALYSIS = YES;
				CLANG_WARN_STRICT_PROTOTYPES = YES;
				CLANG_WARN_SUSPICIOUS_MOVE = YES;
				CLANG_WARN_UNGUARDED_AVAILABILITY = YES_AGGRESSIVE;
				CLANG_WARN_UNREACHABLE_CODE = YES;
				CLANG_WARN__DUPLICATE_METHOD_MATCH = YES;
				CODE_SIGN_IDENTITY = "iPhone Developer";
				COPY_PHASE_STRIP = NO;
				DEBUG_INFORMATION_FORMAT = "dwarf-with-dsym";
				ENABLE_NS_ASSERTIONS = NO;
				ENABLE_STRICT_OBJC_MSGSEND = YES;
				GCC_C_LANGUAGE_STANDARD = gnu11;
				GCC_NO_COMMON_BLOCKS = YES;
				GCC_WARN_64_TO_32_BIT_CONVERSION = YES;
				GCC_WARN_ABOUT_RETURN_TYPE = YES_ERROR;
				GCC_WARN_UNDECLARED_SELECTOR = YES;
				GCC_WARN_UNINITIALIZED_AUTOS = YES_AGGRESSIVE;
				GCC_WARN_UNUSED_FUNCTION = YES;
				GCC_WARN_UNUSED_VARIABLE = YES;
				IPHONEOS_DEPLOYMENT_TARGET = 12.4;
				MTL_ENABLE_DEBUG_INFO = NO;
				MTL_FAST_MATH = YES;
				SDKROOT = iphoneos;
				SWIFT_COMPILATION_MODE = wholemodule;
				SWIFT_OPTIMIZATION_LEVEL = "-O";
				VALIDATE_PRODUCT = YES;
			};
			name = Release;
		};
		5743BFD52358B90800D3C10F /* Debug */ = {
			isa = XCBuildConfiguration;
			buildSettings = {
				ASSETCATALOG_COMPILER_APPICON_NAME = AppIcon;
				CODE_SIGN_STYLE = Automatic;
				DEVELOPMENT_TEAM = G8794DBN7U;
				INFOPLIST_FILE = SwiftyProteins/Info.plist;
				LD_RUNPATH_SEARCH_PATHS = (
					"$(inherited)",
					"@executable_path/Frameworks",
				);
				PRODUCT_BUNDLE_IDENTIFIER = com.jlequer.SwiftyProteins;
				PRODUCT_NAME = "$(TARGET_NAME)";
				SWIFT_VERSION = 4.0;
				TARGETED_DEVICE_FAMILY = "1,2";
			};
			name = Debug;
		};
		5743BFD62358B90800D3C10F /* Release */ = {
			isa = XCBuildConfiguration;
			buildSettings = {
				ASSETCATALOG_COMPILER_APPICON_NAME = AppIcon;
				CODE_SIGN_STYLE = Automatic;
				DEVELOPMENT_TEAM = G8794DBN7U;
				INFOPLIST_FILE = SwiftyProteins/Info.plist;
				LD_RUNPATH_SEARCH_PATHS = (
					"$(inherited)",
					"@executable_path/Frameworks",
				);
				PRODUCT_BUNDLE_IDENTIFIER = com.jlequer.SwiftyProteins;
				PRODUCT_NAME = "$(TARGET_NAME)";
				SWIFT_VERSION = 4.0;
				TARGETED_DEVICE_FAMILY = "1,2";
			};
			name = Release;
		};
/* End XCBuildConfiguration section */

/* Begin XCConfigurationList section */
		5743BFBD2358B90700D3C10F /* Build configuration list for PBXProject "SwiftyProteins" */ = {
			isa = XCConfigurationList;
			buildConfigurations = (
				5743BFD22358B90800D3C10F /* Debug */,
				5743BFD32358B90800D3C10F /* Release */,
			);
			defaultConfigurationIsVisible = 0;
			defaultConfigurationName = Release;
		};
		5743BFD42358B90800D3C10F /* Build configuration list for PBXNativeTarget "SwiftyProteins" */ = {
			isa = XCConfigurationList;
			buildConfigurations = (
				5743BFD52358B90800D3C10F /* Debug */,
				5743BFD62358B90800D3C10F /* Release */,
			);
			defaultConfigurationIsVisible = 0;
			defaultConfigurationName = Release;
		};
/* End XCConfigurationList section */
	};
	rootObject = 5743BFBA2358B90700D3C10F /* Project object */;
}
